
Microsoft Visual Studio Solution File, Format Version 12.00
# Visual Studio Version 16
VisualStudioVersion = 16.0.29920.165
MinimumVisualStudioVersion = 10.0.40219.1
Project("{FAE04EC0-301F-11D3-BF4B-00C04F79EFBC}") = "HSP_Sprint_2", "HSP_Sprint_2\HSP_Sprint_2.csproj", "{4D546AF6-7E85-4E42-83FC-6C4CC1F663DC}"
EndProject
Global
	GlobalSection(SolutionConfigurationPlatforms) = preSolution
		Debug|Any CPU = Debug|Any CPU
		Release|Any CPU = Release|Any CPU
	EndGlobalSection
	GlobalSection(ProjectConfigurationPlatforms) = postSolution
		{4D546AF6-7E85-4E42-83FC-6C4CC1F663DC}.Debug|Any CPU.ActiveCfg = Debug|Any CPU
		{4D546AF6-7E85-4E42-83FC-6C4CC1F663DC}.Debug|Any CPU.Build.0 = Debug|Any CPU
		{4D546AF6-7E85-4E42-83FC-6C4CC1F663DC}.Release|Any CPU.ActiveCfg = Release|Any CPU
		{4D546AF6-7E85-4E42-83FC-6C4CC1F663DC}.Release|Any CPU.Build.0 = Release|Any CPU
	EndGlobalSection
	GlobalSection(SolutionProperties) = preSolution
		HideSolutionNode = FALSE
	EndGlobalSection
	GlobalSection(ExtensibilityGlobals) = postSolution
		SolutionGuid = {641F460D-CE6B-4175-8CA0-AEFC72DF09EA}
	EndGlobalSection
EndGlobal
